
Microsoft Visual Studio Solution File, Format Version 12.00
# Visual Studio Version 17
VisualStudioVersion = 17.13.35931.197 d17.13
MinimumVisualStudioVersion = 10.0.40219.1
Project("{FAE04EC0-301F-11D3-BF4B-00C04F79EFBC}") = "CustomerSentimentAPI", "CustomerSentimentAPI.csproj", "{A8248285-37E7-F254-95AE-05C61777D7E2}"
EndProject
Global
	GlobalSection(SolutionConfigurationPlatforms) = preSolution
		Debug|Any CPU = Debug|Any CPU
		Release|Any CPU = Release|Any CPU
	EndGlobalSection
	GlobalSection(ProjectConfigurationPlatforms) = postSolution
		{A8248285-37E7-F254-95AE-05C61777D7E2}.Debug|Any CPU.ActiveCfg = Debug|Any CPU
		{A8248285-37E7-F254-95AE-05C61777D7E2}.Debug|Any CPU.Build.0 = Debug|Any CPU
		{A8248285-37E7-F254-95AE-05C61777D7E2}.Release|Any CPU.ActiveCfg = Release|Any CPU
		{A8248285-37E7-F254-95AE-05C61777D7E2}.Release|Any CPU.Build.0 = Release|Any CPU
	EndGlobalSection
	GlobalSection(SolutionProperties) = preSolution
		HideSolutionNode = FALSE
	EndGlobalSection
	GlobalSection(ExtensibilityGlobals) = postSolution
		SolutionGuid = {781A6E0F-D082-407C-AA41-7BC644F78AFB}
	EndGlobalSection
EndGlobal
